
Microsoft Visual Studio Solution File, Format Version 12.00
# Visual Studio Version 17
VisualStudioVersion = 17.5.002.0
MinimumVisualStudioVersion = 10.0.40219.1
Project("{9A19103F-16F7-4668-BE54-9A1E7A4F7556}") = "BankingSystem", "BankingSystem.csproj", "{660E34D2-8E19-4666-9B30-D7C1930F6FED}"
EndProject
Global
	GlobalSection(SolutionConfigurationPlatforms) = preSolution
		Debug|Any CPU = Debug|Any CPU
		Release|Any CPU = Release|Any CPU
	EndGlobalSection
	GlobalSection(ProjectConfigurationPlatforms) = postSolution
		{660E34D2-8E19-4666-9B30-D7C1930F6FED}.Debug|Any CPU.ActiveCfg = Debug|Any CPU
		{660E34D2-8E19-4666-9B30-D7C1930F6FED}.Debug|Any CPU.Build.0 = Debug|Any CPU
		{660E34D2-8E19-4666-9B30-D7C1930F6FED}.Release|Any CPU.ActiveCfg = Release|Any CPU
		{660E34D2-8E19-4666-9B30-D7C1930F6FED}.Release|Any CPU.Build.0 = Release|Any CPU
	EndGlobalSection
	GlobalSection(SolutionProperties) = preSolution
		HideSolutionNode = FALSE
	EndGlobalSection
	GlobalSection(ExtensibilityGlobals) = postSolution
		SolutionGuid = {A26C91FE-237C-4D57-90DB-1303A5AF4D81}
	EndGlobalSection
EndGlobal
